
Microsoft Visual Studio Solution File, Format Version 12.00
# Visual Studio 15
VisualStudioVersion = 15.0.26730.12
MinimumVisualStudioVersion = 10.0.40219.1
Project("{FAE04EC0-301F-11D3-BF4B-00C04F79EFBC}") = "PruebaGIT_Fork", "PruebaGIT_Fork\PruebaGIT_Fork.csproj", "{777DA378-D0FE-4376-AA85-97664698F09B}"
EndProject
Global
	GlobalSection(SolutionConfigurationPlatforms) = preSolution
		Debug|Any CPU = Debug|Any CPU
		Release|Any CPU = Release|Any CPU
	EndGlobalSection
	GlobalSection(ProjectConfigurationPlatforms) = postSolution
		{777DA378-D0FE-4376-AA85-97664698F09B}.Debug|Any CPU.ActiveCfg = Debug|Any CPU
		{777DA378-D0FE-4376-AA85-97664698F09B}.Debug|Any CPU.Build.0 = Debug|Any CPU
		{777DA378-D0FE-4376-AA85-97664698F09B}.Release|Any CPU.ActiveCfg = Release|Any CPU
		{777DA378-D0FE-4376-AA85-97664698F09B}.Release|Any CPU.Build.0 = Release|Any CPU
	EndGlobalSection
	GlobalSection(SolutionProperties) = preSolution
		HideSolutionNode = FALSE
	EndGlobalSection
	GlobalSection(ExtensibilityGlobals) = postSolution
		SolutionGuid = {EFF7AAFA-30E0-424A-BACA-B1347DE13793}
	EndGlobalSection
EndGlobal
